
Microsoft Visual Studio Solution File, Format Version 12.00
# Visual Studio Version 17
VisualStudioVersion = 17.8.34004.107
MinimumVisualStudioVersion = 10.0.40219.1
Project("{2150E333-8FDC-42A3-9474-1A3956D46DE8}") = "src", "src", "{F6D659A1-FD1D-4EFF-BB4B-D28114D01A97}"
EndProject
Project("{9A19103F-16F7-4668-BE54-9A1E7A4F7556}") = "ApacheAGE", "src\ApacheAGE\ApacheAGE.csproj", "{9B5ABDF1-7C23-4E27-AF79-79869D325A99}"
EndProject
Global
	GlobalSection(SolutionConfigurationPlatforms) = preSolution
		Debug|Any CPU = Debug|Any CPU
		Release|Any CPU = Release|Any CPU
	EndGlobalSection
	GlobalSection(ProjectConfigurationPlatforms) = postSolution
		{9B5ABDF1-7C23-4E27-AF79-79869D325A99}.Debug|Any CPU.ActiveCfg = Debug|Any CPU
		{9B5ABDF1-7C23-4E27-AF79-79869D325A99}.Debug|Any CPU.Build.0 = Debug|Any CPU
		{9B5ABDF1-7C23-4E27-AF79-79869D325A99}.Release|Any CPU.ActiveCfg = Release|Any CPU
		{9B5ABDF1-7C23-4E27-AF79-79869D325A99}.Release|Any CPU.Build.0 = Release|Any CPU
	EndGlobalSection
	GlobalSection(SolutionProperties) = preSolution
		HideSolutionNode = FALSE
	EndGlobalSection
	GlobalSection(NestedProjects) = preSolution
		{9B5ABDF1-7C23-4E27-AF79-79869D325A99} = {F6D659A1-FD1D-4EFF-BB4B-D28114D01A97}
	EndGlobalSection
	GlobalSection(ExtensibilityGlobals) = postSolution
		SolutionGuid = {E960FF17-99B2-4BBD-BD3C-B4F99C5F0BA0}
	EndGlobalSection
EndGlobal
